
Microsoft Visual Studio Solution File, Format Version 12.00
# Visual Studio Version 17
VisualStudioVersion = 17.14.36203.30 d17.14
MinimumVisualStudioVersion = 10.0.40219.1
Project("{FAE04EC0-301F-11D3-BF4B-00C04F79EFBC}") = "Avalonia.View", "AvaloniaApplication1\Avalonia.View.csproj", "{1AECDC44-039E-417C-B76A-14946051A511}"
EndProject
Project("{FAE04EC0-301F-11D3-BF4B-00C04F79EFBC}") = "Avalonia.ViewModel", "TestViewModel\Avalonia.ViewModel.csproj", "{8C3BACAF-DB00-4DDF-B60A-CB25320DEFD1}"
EndProject
Project("{FAE04EC0-301F-11D3-BF4B-00C04F79EFBC}") = "Tests", "Tests\Tests.csproj", "{A6AA9961-F3E5-4C4D-9AFF-56CACC385ED4}"
EndProject
Project("{FAE04EC0-301F-11D3-BF4B-00C04F79EFBC}") = "Avalonia.Models", "Avalonia.Models\Avalonia.Models.csproj", "{600FE42A-0CF6-4292-9B74-5B4E99AA74F2}"
EndProject
Project("{FAE04EC0-301F-11D3-BF4B-00C04F79EFBC}") = "Services", "Services\Services.csproj", "{A779CD4F-D91D-476A-8C88-15E652191222}"
EndProject
Global
	GlobalSection(SolutionConfigurationPlatforms) = preSolution
		Debug|Any CPU = Debug|Any CPU
		Release|Any CPU = Release|Any CPU
	EndGlobalSection
	GlobalSection(ProjectConfigurationPlatforms) = postSolution
		{1AECDC44-039E-417C-B76A-14946051A511}.Debug|Any CPU.ActiveCfg = Debug|Any CPU
		{1AECDC44-039E-417C-B76A-14946051A511}.Debug|Any CPU.Build.0 = Debug|Any CPU
		{1AECDC44-039E-417C-B76A-14946051A511}.Release|Any CPU.ActiveCfg = Release|Any CPU
		{1AECDC44-039E-417C-B76A-14946051A511}.Release|Any CPU.Build.0 = Release|Any CPU
		{8C3BACAF-DB00-4DDF-B60A-CB25320DEFD1}.Debug|Any CPU.ActiveCfg = Debug|Any CPU
		{8C3BACAF-DB00-4DDF-B60A-CB25320DEFD1}.Debug|Any CPU.Build.0 = Debug|Any CPU
		{8C3BACAF-DB00-4DDF-B60A-CB25320DEFD1}.Release|Any CPU.ActiveCfg = Release|Any CPU
		{8C3BACAF-DB00-4DDF-B60A-CB25320DEFD1}.Release|Any CPU.Build.0 = Release|Any CPU
		{A6AA9961-F3E5-4C4D-9AFF-56CACC385ED4}.Debug|Any CPU.ActiveCfg = Debug|Any CPU
		{A6AA9961-F3E5-4C4D-9AFF-56CACC385ED4}.Debug|Any CPU.Build.0 = Debug|Any CPU
		{A6AA9961-F3E5-4C4D-9AFF-56CACC385ED4}.Release|Any CPU.ActiveCfg = Release|Any CPU
		{A6AA9961-F3E5-4C4D-9AFF-56CACC385ED4}.Release|Any CPU.Build.0 = Release|Any CPU
		{600FE42A-0CF6-4292-9B74-5B4E99AA74F2}.Debug|Any CPU.ActiveCfg = Debug|Any CPU
		{600FE42A-0CF6-4292-9B74-5B4E99AA74F2}.Debug|Any CPU.Build.0 = Debug|Any CPU
		{600FE42A-0CF6-4292-9B74-5B4E99AA74F2}.Release|Any CPU.ActiveCfg = Release|Any CPU
		{600FE42A-0CF6-4292-9B74-5B4E99AA74F2}.Release|Any CPU.Build.0 = Release|Any CPU
		{A779CD4F-D91D-476A-8C88-15E652191222}.Debug|Any CPU.ActiveCfg = Debug|Any CPU
		{A779CD4F-D91D-476A-8C88-15E652191222}.Debug|Any CPU.Build.0 = Debug|Any CPU
		{A779CD4F-D91D-476A-8C88-15E652191222}.Release|Any CPU.ActiveCfg = Release|Any CPU
		{A779CD4F-D91D-476A-8C88-15E652191222}.Release|Any CPU.Build.0 = Release|Any CPU
	EndGlobalSection
	GlobalSection(SolutionProperties) = preSolution
		HideSolutionNode = FALSE
	EndGlobalSection
	GlobalSection(ExtensibilityGlobals) = postSolution
		SolutionGuid = {4488E796-AA6E-46CB-86F2-BC3B1B02C552}
	EndGlobalSection
EndGlobal
